
Microsoft Visual Studio Solution File, Format Version 12.00
# Visual Studio 15
Project("{FAE04EC0-301F-11D3-BF4B-00C04F79EFBC}") = "com.chisel.core", "com.chisel.core.csproj", "{57AE6B63-C0D4-0889-147E-1FC2643D009B}"
EndProject
Project("{FAE04EC0-301F-11D3-BF4B-00C04F79EFBC}") = "com.chisel.components", "com.chisel.components.csproj", "{A3FA7E10-AE97-4148-0939-1FDAD996888A}"
EndProject
Project("{FAE04EC0-301F-11D3-BF4B-00C04F79EFBC}") = "com.scene.handle.extensions.runtime", "com.scene.handle.extensions.runtime.csproj", "{52473F46-2041-411A-4D3B-6EE74521E431}"
EndProject
Project("{FAE04EC0-301F-11D3-BF4B-00C04F79EFBC}") = "com.chisel.editor", "com.chisel.editor.csproj", "{2273EE97-5B96-9FF1-BB6E-EF49494318E6}"
EndProject
Project("{FAE04EC0-301F-11D3-BF4B-00C04F79EFBC}") = "com.chisel.core.tests", "com.chisel.core.tests.csproj", "{6482C65D-DD2C-C438-BF2F-CDC5E754306D}"
EndProject
Project("{FAE04EC0-301F-11D3-BF4B-00C04F79EFBC}") = "com.scene.handle.extensions.editor", "com.scene.handle.extensions.editor.csproj", "{164877A9-0833-1AB0-734B-F3A9E4525747}"
EndProject
Project("{FAE04EC0-301F-11D3-BF4B-00C04F79EFBC}") = "com.chisel.components.tests", "com.chisel.components.tests.csproj", "{E58EC4AC-E6CD-393F-0FC8-E8F8DFF2120C}"
EndProject
Global
	GlobalSection(SolutionConfigurationPlatforms) = preSolution
		Debug|Any CPU = Debug|Any CPU
		Release|Any CPU = Release|Any CPU
	EndGlobalSection
	GlobalSection(ProjectConfigurationPlatforms) = postSolution
		{57AE6B63-C0D4-0889-147E-1FC2643D009B}.Debug|Any CPU.ActiveCfg = Debug|Any CPU
		{57AE6B63-C0D4-0889-147E-1FC2643D009B}.Debug|Any CPU.Build.0 = Debug|Any CPU
		{57AE6B63-C0D4-0889-147E-1FC2643D009B}.Release|Any CPU.ActiveCfg = Release|Any CPU
		{57AE6B63-C0D4-0889-147E-1FC2643D009B}.Release|Any CPU.Build.0 = Release|Any CPU
		{A3FA7E10-AE97-4148-0939-1FDAD996888A}.Debug|Any CPU.ActiveCfg = Debug|Any CPU
		{A3FA7E10-AE97-4148-0939-1FDAD996888A}.Debug|Any CPU.Build.0 = Debug|Any CPU
		{A3FA7E10-AE97-4148-0939-1FDAD996888A}.Release|Any CPU.ActiveCfg = Release|Any CPU
		{A3FA7E10-AE97-4148-0939-1FDAD996888A}.Release|Any CPU.Build.0 = Release|Any CPU
		{52473F46-2041-411A-4D3B-6EE74521E431}.Debug|Any CPU.ActiveCfg = Debug|Any CPU
		{52473F46-2041-411A-4D3B-6EE74521E431}.Debug|Any CPU.Build.0 = Debug|Any CPU
		{52473F46-2041-411A-4D3B-6EE74521E431}.Release|Any CPU.ActiveCfg = Release|Any CPU
		{52473F46-2041-411A-4D3B-6EE74521E431}.Release|Any CPU.Build.0 = Release|Any CPU
		{2273EE97-5B96-9FF1-BB6E-EF49494318E6}.Debug|Any CPU.ActiveCfg = Debug|Any CPU
		{2273EE97-5B96-9FF1-BB6E-EF49494318E6}.Debug|Any CPU.Build.0 = Debug|Any CPU
		{2273EE97-5B96-9FF1-BB6E-EF49494318E6}.Release|Any CPU.ActiveCfg = Release|Any CPU
		{2273EE97-5B96-9FF1-BB6E-EF49494318E6}.Release|Any CPU.Build.0 = Release|Any CPU
		{6482C65D-DD2C-C438-BF2F-CDC5E754306D}.Debug|Any CPU.ActiveCfg = Debug|Any CPU
		{6482C65D-DD2C-C438-BF2F-CDC5E754306D}.Debug|Any CPU.Build.0 = Debug|Any CPU
		{6482C65D-DD2C-C438-BF2F-CDC5E754306D}.Release|Any CPU.ActiveCfg = Release|Any CPU
		{6482C65D-DD2C-C438-BF2F-CDC5E754306D}.Release|Any CPU.Build.0 = Release|Any CPU
		{164877A9-0833-1AB0-734B-F3A9E4525747}.Debug|Any CPU.ActiveCfg = Debug|Any CPU
		{164877A9-0833-1AB0-734B-F3A9E4525747}.Debug|Any CPU.Build.0 = Debug|Any CPU
		{164877A9-0833-1AB0-734B-F3A9E4525747}.Release|Any CPU.ActiveCfg = Release|Any CPU
		{164877A9-0833-1AB0-734B-F3A9E4525747}.Release|Any CPU.Build.0 = Release|Any CPU
		{E58EC4AC-E6CD-393F-0FC8-E8F8DFF2120C}.Debug|Any CPU.ActiveCfg = Debug|Any CPU
		{E58EC4AC-E6CD-393F-0FC8-E8F8DFF2120C}.Debug|Any CPU.Build.0 = Debug|Any CPU
		{E58EC4AC-E6CD-393F-0FC8-E8F8DFF2120C}.Release|Any CPU.ActiveCfg = Release|Any CPU
		{E58EC4AC-E6CD-393F-0FC8-E8F8DFF2120C}.Release|Any CPU.Build.0 = Release|Any CPU
	EndGlobalSection
	GlobalSection(SolutionProperties) = preSolution
		HideSolutionNode = FALSE
	EndGlobalSection
EndGlobal
